
Microsoft Visual Studio Solution File, Format Version 12.00
# Visual Studio Version 16
VisualStudioVersion = 16.0.30330.147
MinimumVisualStudioVersion = 10.0.40219.1
Project("{9A19103F-16F7-4668-BE54-9A1E7A4F7556}") = "POSLite.Domain", "POSLite.Models\POSLite.Domain.csproj", "{0FC3CF28-D2F4-4EBD-AC1F-EECCDFED34E9}"
EndProject
Project("{9A19103F-16F7-4668-BE54-9A1E7A4F7556}") = "POSLite.Persistance", "POSLite.Persistance\POSLite.Persistance.csproj", "{86FC27CC-6745-49B1-A4A4-0FD7B0970DED}"
EndProject
Project("{9A19103F-16F7-4668-BE54-9A1E7A4F7556}") = "POSLite.App", "POSLite.Application\POSLite.App.csproj", "{6890F249-8D78-4EEA-90A4-D7036D3837E1}"
EndProject
Project("{9A19103F-16F7-4668-BE54-9A1E7A4F7556}") = "POSLite.Client", "POSLite.Client\POSLite.Client.csproj", "{40FDAFA9-FABA-4CFC-837B-C927E3B3480B}"
EndProject
Global
	GlobalSection(SolutionConfigurationPlatforms) = preSolution
		Debug|Any CPU = Debug|Any CPU
		Release|Any CPU = Release|Any CPU
	EndGlobalSection
	GlobalSection(ProjectConfigurationPlatforms) = postSolution
		{0FC3CF28-D2F4-4EBD-AC1F-EECCDFED34E9}.Debug|Any CPU.ActiveCfg = Debug|Any CPU
		{0FC3CF28-D2F4-4EBD-AC1F-EECCDFED34E9}.Debug|Any CPU.Build.0 = Debug|Any CPU
		{0FC3CF28-D2F4-4EBD-AC1F-EECCDFED34E9}.Release|Any CPU.ActiveCfg = Release|Any CPU
		{0FC3CF28-D2F4-4EBD-AC1F-EECCDFED34E9}.Release|Any CPU.Build.0 = Release|Any CPU
		{86FC27CC-6745-49B1-A4A4-0FD7B0970DED}.Debug|Any CPU.ActiveCfg = Debug|Any CPU
		{86FC27CC-6745-49B1-A4A4-0FD7B0970DED}.Debug|Any CPU.Build.0 = Debug|Any CPU
		{86FC27CC-6745-49B1-A4A4-0FD7B0970DED}.Release|Any CPU.ActiveCfg = Release|Any CPU
		{86FC27CC-6745-49B1-A4A4-0FD7B0970DED}.Release|Any CPU.Build.0 = Release|Any CPU
		{6890F249-8D78-4EEA-90A4-D7036D3837E1}.Debug|Any CPU.ActiveCfg = Debug|Any CPU
		{6890F249-8D78-4EEA-90A4-D7036D3837E1}.Debug|Any CPU.Build.0 = Debug|Any CPU
		{6890F249-8D78-4EEA-90A4-D7036D3837E1}.Release|Any CPU.ActiveCfg = Release|Any CPU
		{6890F249-8D78-4EEA-90A4-D7036D3837E1}.Release|Any CPU.Build.0 = Release|Any CPU
		{40FDAFA9-FABA-4CFC-837B-C927E3B3480B}.Debug|Any CPU.ActiveCfg = Debug|Any CPU
		{40FDAFA9-FABA-4CFC-837B-C927E3B3480B}.Debug|Any CPU.Build.0 = Debug|Any CPU
		{40FDAFA9-FABA-4CFC-837B-C927E3B3480B}.Release|Any CPU.ActiveCfg = Release|Any CPU
		{40FDAFA9-FABA-4CFC-837B-C927E3B3480B}.Release|Any CPU.Build.0 = Release|Any CPU
	EndGlobalSection
	GlobalSection(SolutionProperties) = preSolution
		HideSolutionNode = FALSE
	EndGlobalSection
	GlobalSection(ExtensibilityGlobals) = postSolution
		SolutionGuid = {AB78B1AD-EAA3-476C-B06C-3B18956A2C02}
	EndGlobalSection
EndGlobal
